
Microsoft Visual Studio Solution File, Format Version 12.00
# Visual Studio Version 17
VisualStudioVersion = 17.0.32014.148
MinimumVisualStudioVersion = 10.0.40219.1
Project("{9A19103F-16F7-4668-BE54-9A1E7A4F7556}") = "SnakesAndLadders", "SnakesAndLadders\SnakesAndLadders.csproj", "{BDA72A62-489C-464D-8210-FFE6F03E5E54}"
EndProject
Project("{9A19103F-16F7-4668-BE54-9A1E7A4F7556}") = "SnakesAndLaddersTest", "SnakesAndLaddersTest\SnakesAndLaddersTest.csproj", "{45072FD2-FAE4-4645-9FA9-821612E17E4D}"
EndProject
Project("{FAE04EC0-301F-11D3-BF4B-00C04F79EFBC}") = "SnakesAndLaddersConsole", "SnakesAndLaddersConsole\SnakesAndLaddersConsole.csproj", "{083E5F64-18F1-41C4-A77E-25DCF425A45B}"
EndProject
Global
	GlobalSection(SolutionConfigurationPlatforms) = preSolution
		Debug|Any CPU = Debug|Any CPU
		Release|Any CPU = Release|Any CPU
	EndGlobalSection
	GlobalSection(ProjectConfigurationPlatforms) = postSolution
		{BDA72A62-489C-464D-8210-FFE6F03E5E54}.Debug|Any CPU.ActiveCfg = Debug|Any CPU
		{BDA72A62-489C-464D-8210-FFE6F03E5E54}.Debug|Any CPU.Build.0 = Debug|Any CPU
		{BDA72A62-489C-464D-8210-FFE6F03E5E54}.Release|Any CPU.ActiveCfg = Release|Any CPU
		{BDA72A62-489C-464D-8210-FFE6F03E5E54}.Release|Any CPU.Build.0 = Release|Any CPU
		{45072FD2-FAE4-4645-9FA9-821612E17E4D}.Debug|Any CPU.ActiveCfg = Debug|Any CPU
		{45072FD2-FAE4-4645-9FA9-821612E17E4D}.Debug|Any CPU.Build.0 = Debug|Any CPU
		{45072FD2-FAE4-4645-9FA9-821612E17E4D}.Release|Any CPU.ActiveCfg = Release|Any CPU
		{45072FD2-FAE4-4645-9FA9-821612E17E4D}.Release|Any CPU.Build.0 = Release|Any CPU
		{083E5F64-18F1-41C4-A77E-25DCF425A45B}.Debug|Any CPU.ActiveCfg = Debug|Any CPU
		{083E5F64-18F1-41C4-A77E-25DCF425A45B}.Debug|Any CPU.Build.0 = Debug|Any CPU
		{083E5F64-18F1-41C4-A77E-25DCF425A45B}.Release|Any CPU.ActiveCfg = Release|Any CPU
		{083E5F64-18F1-41C4-A77E-25DCF425A45B}.Release|Any CPU.Build.0 = Release|Any CPU
	EndGlobalSection
	GlobalSection(SolutionProperties) = preSolution
		HideSolutionNode = FALSE
	EndGlobalSection
	GlobalSection(ExtensibilityGlobals) = postSolution
		SolutionGuid = {397FCB9A-E9E9-4327-BF16-C63BB949167B}
	EndGlobalSection
EndGlobal
